<?xml version="1.0" encoding="UTF-8"?>
<CONFIG>
  <ProjectOptions>
    <Version Value="12"/>
    <PathDelim Value="\"/>
    <General>
      <Flags>
        <MainUnitHasCreateFormStatements Value="False"/>
        <MainUnitHasTitleStatement Value="False"/>
        <MainUnitHasScaledStatement Value="False"/>
      </Flags>
      <SessionStorage Value="InProjectDir"/>
      <Title Value="Clayworks"/>
      <UseAppBundle Value="False"/>
      <ResourceType Value="res"/>
      <Icon Value="0"/>
    </General>
    <BuildModes>
      <Item Name="Win64_Debug" Default="True"/>
      <Item Name="Win64_Release">
        <CompilerOptions>
          <Version Value="11"/>
          <PathDelim Value="\"/>
          <Target>
            <Filename Value="Clayworks"/>
          </Target>
          <SearchPaths>
            <IncludeFiles Value="$(ProjOutDir)"/>
            <UnitOutputDirectory Value="lib\$(TargetCPU)-$(TargetOS)"/>
          </SearchPaths>
          <CodeGeneration>
            <SmartLinkUnit Value="True"/>
            <TargetCPU Value="x86_64"/>
            <TargetOS Value="win64"/>
            <Optimizations>
              <OptimizationLevel Value="4"/>
            </Optimizations>
          </CodeGeneration>
          <Linking>
            <Debugging>
              <GenerateDebugInfo Value="False"/>
              <StripSymbols Value="True"/>
            </Debugging>
            <LinkSmart Value="True"/>
          </Linking>
        </CompilerOptions>
      </Item>
    </BuildModes>
    <PublishOptions>
      <Version Value="2"/>
      <UseFileFilters Value="True"/>
    </PublishOptions>
    <RunParams>
      <FormatVersion Value="2"/>
    </RunParams>
    <Units>
      <Unit>
        <Filename Value="Clayworks.pas"/>
        <IsPartOfProject Value="True"/>
      </Unit>
      <Unit>
        <Filename Value="ClayWindowWin32.pas"/>
        <IsPartOfProject Value="True"/>
      </Unit>
      <Unit>
        <Filename Value="clay.inc"/>
        <IsPartOfProject Value="True"/>
      </Unit>
      <Unit>
        <Filename Value="ClayTypes.pas"/>
        <IsPartOfProject Value="True"/>
      </Unit>
      <Unit>
        <Filename Value="ClayWindow.pas"/>
        <IsPartOfProject Value="True"/>
      </Unit>
      <Unit>
        <Filename Value="ClayLog.pas"/>
        <IsPartOfProject Value="True"/>
      </Unit>
      <Unit>
        <Filename Value="ClayGlobal.pas"/>
        <IsPartOfProject Value="True"/>
      </Unit>
      <Unit>
        <Filename Value="TMATHS.PAS"/>
        <IsPartOfProject Value="True"/>
        <UnitName Value="Tmaths"/>
      </Unit>
      <Unit>
        <Filename Value="SINCOS.PAS"/>
        <IsPartOfProject Value="True"/>
        <UnitName Value="Sincos"/>
      </Unit>
      <Unit>
        <Filename Value="MSMOUSE.PAS"/>
        <IsPartOfProject Value="True"/>
        <UnitName Value="msmouse"/>
      </Unit>
      <Unit>
        <Filename Value="GBASICS.PAS"/>
        <IsPartOfProject Value="True"/>
        <UnitName Value="Gbasics"/>
      </Unit>
      <Unit>
        <Filename Value="GGRAPH.PAS"/>
        <IsPartOfProject Value="True"/>
        <UnitName Value="Ggraph"/>
      </Unit>
      <Unit>
        <Filename Value="COLOUR.PAS"/>
        <IsPartOfProject Value="True"/>
        <UnitName Value="colour"/>
      </Unit>
      <Unit>
        <Filename Value="TDEDITB.PAS"/>
        <IsPartOfProject Value="True"/>
        <UnitName Value="Tdeditb"/>
      </Unit>
      <Unit>
        <Filename Value="TWINB.PAS"/>
        <IsPartOfProject Value="True"/>
        <UnitName Value="twinb"/>
      </Unit>
      <Unit>
        <Filename Value="VIEWS.PAS"/>
        <IsPartOfProject Value="True"/>
        <UnitName Value="Views"/>
      </Unit>
      <Unit>
        <Filename Value="TMENUST.PAS"/>
        <IsPartOfProject Value="True"/>
        <UnitName Value="Tmenust"/>
      </Unit>
      <Unit>
        <Filename Value="CDIALOG.PAS"/>
        <IsPartOfProject Value="True"/>
      </Unit>
      <Unit>
        <Filename Value="TDWIN.PAS"/>
        <IsPartOfProject Value="True"/>
        <UnitName Value="Tdwin"/>
      </Unit>
      <Unit>
        <Filename Value="CLAYCP.PAS"/>
        <IsPartOfProject Value="True"/>
      </Unit>
      <Unit>
        <Filename Value="ClayRenderGDI.pas"/>
        <IsPartOfProject Value="True"/>
      </Unit>
      <Unit>
        <Filename Value="DISKOP.PAS"/>
        <IsPartOfProject Value="True"/>
        <UnitName Value="diskop"/>
      </Unit>
      <Unit>
        <Filename Value="TWINDRAW.PAS"/>
        <IsPartOfProject Value="True"/>
        <UnitName Value="Twindraw"/>
      </Unit>
      <Unit>
        <Filename Value="CHARDEF.PAS"/>
        <IsPartOfProject Value="True"/>
        <UnitName Value="chardef"/>
      </Unit>
      <Unit>
        <Filename Value="TDB.PAS"/>
        <IsPartOfProject Value="True"/>
        <UnitName Value="tdb"/>
      </Unit>
      <Unit>
        <Filename Value="VECTFONT.PAS"/>
        <IsPartOfProject Value="True"/>
        <UnitName Value="vectfont"/>
      </Unit>
      <Unit>
        <Filename Value="PCX256.PAS"/>
        <IsPartOfProject Value="True"/>
      </Unit>
      <Unit>
        <Filename Value="BASIC3D.PAS"/>
        <IsPartOfProject Value="True"/>
      </Unit>
      <Unit>
        <Filename Value="BITMAP25.PAS"/>
        <IsPartOfProject Value="True"/>
      </Unit>
      <Unit>
        <Filename Value="GADGETS.PAS"/>
        <IsPartOfProject Value="True"/>
      </Unit>
      <Unit>
        <Filename Value="LCD.PAS"/>
        <IsPartOfProject Value="True"/>
      </Unit>
      <Unit>
        <Filename Value="PITTIMER.PAS"/>
        <IsPartOfProject Value="True"/>
      </Unit>
      <Unit>
        <Filename Value="STDPAL.PAS"/>
        <IsPartOfProject Value="True"/>
      </Unit>
    </Units>
  </ProjectOptions>
  <CompilerOptions>
    <Version Value="11"/>
    <PathDelim Value="\"/>
    <Target>
      <Filename Value="Clayworks"/>
    </Target>
    <SearchPaths>
      <IncludeFiles Value="$(ProjOutDir)"/>
      <UnitOutputDirectory Value="lib\$(TargetCPU)-$(TargetOS)"/>
    </SearchPaths>
    <CodeGeneration>
      <TargetCPU Value="x86_64"/>
      <TargetOS Value="win64"/>
    </CodeGeneration>
    <Linking>
      <Options>
        <Win32>
          <GraphicApplication Value="True"/>
        </Win32>
      </Options>
    </Linking>
  </CompilerOptions>
  <Debugging>
    <Exceptions>
      <Item>
        <Name Value="EAbort"/>
      </Item>
      <Item>
        <Name Value="ECodetoolError"/>
      </Item>
      <Item>
        <Name Value="EFOpenError"/>
      </Item>
    </Exceptions>
  </Debugging>
</CONFIG>
